
Microsoft Visual Studio Solution File, Format Version 12.00
# Visual Studio Version 16
VisualStudioVersion = 16.0.31005.135
MinimumVisualStudioVersion = 10.0.40219.1
Project("{FAE04EC0-301F-11D3-BF4B-00C04F79EFBC}") = "Tictactoe", "Tictactoe\Tictactoe.csproj", "{9B865EB8-815F-453A-846B-87946A8D2C58}"
EndProject
Global
	GlobalSection(SolutionConfigurationPlatforms) = preSolution
		Debug|Any CPU = Debug|Any CPU
		Release|Any CPU = Release|Any CPU
	EndGlobalSection
	GlobalSection(ProjectConfigurationPlatforms) = postSolution
		{9B865EB8-815F-453A-846B-87946A8D2C58}.Debug|Any CPU.ActiveCfg = Debug|Any CPU
		{9B865EB8-815F-453A-846B-87946A8D2C58}.Debug|Any CPU.Build.0 = Debug|Any CPU
		{9B865EB8-815F-453A-846B-87946A8D2C58}.Release|Any CPU.ActiveCfg = Release|Any CPU
		{9B865EB8-815F-453A-846B-87946A8D2C58}.Release|Any CPU.Build.0 = Release|Any CPU
	EndGlobalSection
	GlobalSection(SolutionProperties) = preSolution
		HideSolutionNode = FALSE
	EndGlobalSection
	GlobalSection(ExtensibilityGlobals) = postSolution
		SolutionGuid = {6C82EE95-3E4D-480D-A699-D7B41128B9A6}
	EndGlobalSection
EndGlobal
